
Microsoft Visual Studio Solution File, Format Version 12.00
# Visual Studio Version 16
VisualStudioVersion = 16.0.30011.22
MinimumVisualStudioVersion = 10.0.40219.1
Project("{FAE04EC0-301F-11D3-BF4B-00C04F79EFBC}") = "ArraysHW1", "ArraysHW1\ArraysHW1.csproj", "{708BB16B-2F81-442F-BB99-03523DA04739}"
EndProject
Project("{FAE04EC0-301F-11D3-BF4B-00C04F79EFBC}") = "ArraysHW2", "ArraysHW2\ArraysHW2.csproj", "{A5052343-B0EF-46DD-9D93-B27B8571AC79}"
EndProject
Project("{FAE04EC0-301F-11D3-BF4B-00C04F79EFBC}") = "ArraysHW3", "ArraysHW3\ArraysHW3.csproj", "{F9808965-82F4-4868-8B1A-C31B839B782C}"
EndProject
Global
	GlobalSection(SolutionConfigurationPlatforms) = preSolution
		Debug|Any CPU = Debug|Any CPU
		Release|Any CPU = Release|Any CPU
	EndGlobalSection
	GlobalSection(ProjectConfigurationPlatforms) = postSolution
		{708BB16B-2F81-442F-BB99-03523DA04739}.Debug|Any CPU.ActiveCfg = Debug|Any CPU
		{708BB16B-2F81-442F-BB99-03523DA04739}.Debug|Any CPU.Build.0 = Debug|Any CPU
		{708BB16B-2F81-442F-BB99-03523DA04739}.Release|Any CPU.ActiveCfg = Release|Any CPU
		{708BB16B-2F81-442F-BB99-03523DA04739}.Release|Any CPU.Build.0 = Release|Any CPU
		{A5052343-B0EF-46DD-9D93-B27B8571AC79}.Debug|Any CPU.ActiveCfg = Debug|Any CPU
		{A5052343-B0EF-46DD-9D93-B27B8571AC79}.Debug|Any CPU.Build.0 = Debug|Any CPU
		{A5052343-B0EF-46DD-9D93-B27B8571AC79}.Release|Any CPU.ActiveCfg = Release|Any CPU
		{A5052343-B0EF-46DD-9D93-B27B8571AC79}.Release|Any CPU.Build.0 = Release|Any CPU
		{F9808965-82F4-4868-8B1A-C31B839B782C}.Debug|Any CPU.ActiveCfg = Debug|Any CPU
		{F9808965-82F4-4868-8B1A-C31B839B782C}.Debug|Any CPU.Build.0 = Debug|Any CPU
		{F9808965-82F4-4868-8B1A-C31B839B782C}.Release|Any CPU.ActiveCfg = Release|Any CPU
		{F9808965-82F4-4868-8B1A-C31B839B782C}.Release|Any CPU.Build.0 = Release|Any CPU
	EndGlobalSection
	GlobalSection(SolutionProperties) = preSolution
		HideSolutionNode = FALSE
	EndGlobalSection
	GlobalSection(ExtensibilityGlobals) = postSolution
		SolutionGuid = {F16E7D06-7A3A-4D8B-B58A-F59F0B2FFA05}
	EndGlobalSection
EndGlobal
