
Microsoft Visual Studio Solution File, Format Version 12.00
# Visual Studio Version 16
VisualStudioVersion = 16.0.30011.22
MinimumVisualStudioVersion = 10.0.40219.1
Project("{FAE04EC0-301F-11D3-BF4B-00C04F79EFBC}") = "DOBhw", "DOBhw\DOBhw.csproj", "{6446403F-1E91-4D3D-B468-ECD2C085EED8}"
EndProject
Global
	GlobalSection(SolutionConfigurationPlatforms) = preSolution
		Debug|Any CPU = Debug|Any CPU
		Release|Any CPU = Release|Any CPU
	EndGlobalSection
	GlobalSection(ProjectConfigurationPlatforms) = postSolution
		{6446403F-1E91-4D3D-B468-ECD2C085EED8}.Debug|Any CPU.ActiveCfg = Debug|Any CPU
		{6446403F-1E91-4D3D-B468-ECD2C085EED8}.Debug|Any CPU.Build.0 = Debug|Any CPU
		{6446403F-1E91-4D3D-B468-ECD2C085EED8}.Release|Any CPU.ActiveCfg = Release|Any CPU
		{6446403F-1E91-4D3D-B468-ECD2C085EED8}.Release|Any CPU.Build.0 = Release|Any CPU
	EndGlobalSection
	GlobalSection(SolutionProperties) = preSolution
		HideSolutionNode = FALSE
	EndGlobalSection
	GlobalSection(ExtensibilityGlobals) = postSolution
		SolutionGuid = {D94EDFF5-67D4-4680-B6EB-6282145AA731}
	EndGlobalSection
EndGlobal
